
Microsoft Visual Studio Solution File, Format Version 12.00
# Visual Studio Version 17
VisualStudioVersion = 17.10.35027.167
MinimumVisualStudioVersion = 10.0.40219.1
Project("{FAE04EC0-301F-11D3-BF4B-00C04F79EFBC}") = "Helevn.OCV.DMM", "Helevn.OCV.DMM\Helevn.OCV.DMM.csproj", "{A3B87D1C-9DE4-42DB-BB8A-680BA94A698A}"
EndProject
Project("{2150E333-8FDC-42A3-9474-1A3956D46DE8}") = "Solution Items", "Solution Items", "{1755D5FA-8928-48EE-ABE6-7D92BE0D0A58}"
	ProjectSection(SolutionItems) = preProject
		global.json = global.json
		paket.dependencies = paket.dependencies
	EndProjectSection
EndProject
Global
	GlobalSection(SolutionConfigurationPlatforms) = preSolution
		Debug|Any CPU = Debug|Any CPU
		Release|Any CPU = Release|Any CPU
	EndGlobalSection
	GlobalSection(ProjectConfigurationPlatforms) = postSolution
		{A3B87D1C-9DE4-42DB-BB8A-680BA94A698A}.Debug|Any CPU.ActiveCfg = Debug|Any CPU
		{A3B87D1C-9DE4-42DB-BB8A-680BA94A698A}.Debug|Any CPU.Build.0 = Debug|Any CPU
		{A3B87D1C-9DE4-42DB-BB8A-680BA94A698A}.Release|Any CPU.ActiveCfg = Release|Any CPU
		{A3B87D1C-9DE4-42DB-BB8A-680BA94A698A}.Release|Any CPU.Build.0 = Release|Any CPU
	EndGlobalSection
	GlobalSection(SolutionProperties) = preSolution
		HideSolutionNode = FALSE
	EndGlobalSection
	GlobalSection(ExtensibilityGlobals) = postSolution
		SolutionGuid = {C7DE2E59-CA75-4576-A085-C4C852DDED4E}
	EndGlobalSection
EndGlobal
